<Solution>
  <Folder Name="/src/">
    <Project Path="src/Messaging.Api/Messaging.Api.csproj" />
    <Project Path="src/Messaging.Worker/Messaging.Worker.csproj" />
    <Project Path="src/Messaging.Shared/Messaging.Shared.csproj" />
  </Folder>
  <Folder Name="/tests/">
    <Project Path="tests/Messaging.Worker.Tests/Messaging.Worker.Tests.csproj" />
  </Folder>
</Solution>
